// !$*UTF8*$!
{
	archiveVersion = 1;
	classes = {
	};
	objectVersion = 56;
	objects = {

/* Begin PBXBuildFile section */
		F0DFEFE82BC74DE6003EAD3D /* EmployeeDirectoryApp.swift in Sources */ = {isa = PBXBuildFile; fileRef = F0DFEFE72BC74DE6003EAD3D /* EmployeeDirectoryApp.swift */; };
		F0DFEFEC2BC74DE6003EAD3D /* Assets.xcassets in Resources */ = {isa = PBXBuildFile; fileRef = F0DFEFEB2BC74DE6003EAD3D /* Assets.xcassets */; };
		F0DFEFF02BC74DE6003EAD3D /* Preview Assets.xcassets in Resources */ = {isa = PBXBuildFile; fileRef = F0DFEFEF2BC74DE6003EAD3D /* Preview Assets.xcassets */; };
		F0DFEFFA2BC74DE6003EAD3D /* EmployeeDirectoryTests.swift in Sources */ = {isa = PBXBuildFile; fileRef = F0DFEFF92BC74DE6003EAD3D /* EmployeeDirectoryTests.swift */; };
		F0DFF0042BC74DE6003EAD3D /* EmployeeDirectoryUITests.swift in Sources */ = {isa = PBXBuildFile; fileRef = F0DFF0032BC74DE6003EAD3D /* EmployeeDirectoryUITests.swift */; };
		F0DFF0062BC74DE6003EAD3D /* EmployeeDirectoryUITestsLaunchTests.swift in Sources */ = {isa = PBXBuildFile; fileRef = F0DFF0052BC74DE6003EAD3D /* EmployeeDirectoryUITestsLaunchTests.swift */; };
		F0DFF0132BC74E32003EAD3D /* EmployeeListView.swift in Sources */ = {isa = PBXBuildFile; fileRef = F0DFF0122BC74E32003EAD3D /* EmployeeListView.swift */; };
		F0DFF0162BC74E72003EAD3D /* EmployeeListViewModel.swift in Sources */ = {isa = PBXBuildFile; fileRef = F0DFF0152BC74E72003EAD3D /* EmployeeListViewModel.swift */; };
		F0DFF0182BC74E7E003EAD3D /* EmployeeRow.swift in Sources */ = {isa = PBXBuildFile; fileRef = F0DFF0172BC74E7E003EAD3D /* EmployeeRow.swift */; };
		F0DFF01A2BC74E8A003EAD3D /* EmployeeDetailView.swift in Sources */ = {isa = PBXBuildFile; fileRef = F0DFF0192BC74E8A003EAD3D /* EmployeeDetailView.swift */; };
		F0DFF01C2BC74E97003EAD3D /* Employee.swift in Sources */ = {isa = PBXBuildFile; fileRef = F0DFF01B2BC74E97003EAD3D /* Employee.swift */; };
		F0DFF01F2BC74ECE003EAD3D /* EmployeeStore.swift in Sources */ = {isa = PBXBuildFile; fileRef = F0DFF01E2BC74ECE003EAD3D /* EmployeeStore.swift */; };
		F0DFF0212BC7563A003EAD3D /* SettingsView.swift in Sources */ = {isa = PBXBuildFile; fileRef = F0DFF0202BC7563A003EAD3D /* SettingsView.swift */; };
		F0DFF0232BC75C65003EAD3D /* OnboardingView.swift in Sources */ = {isa = PBXBuildFile; fileRef = F0DFF0222BC75C65003EAD3D /* OnboardingView.swift */; };
/* End PBXBuildFile section */

/* Begin PBXContainerItemProxy section */
		F0DFEFF62BC74DE6003EAD3D /* PBXContainerItemProxy */ = {
			isa = PBXContainerItemProxy;
			containerPortal = F0DFEFDC2BC74DE6003EAD3D /* Project object */;
			proxyType = 1;
			remoteGlobalIDString = F0DFEFE32BC74DE6003EAD3D;
			remoteInfo = EmployeeDirectory;
		};
		F0DFF0002BC74DE6003EAD3D /* PBXContainerItemProxy */ = {
			isa = PBXContainerItemProxy;
			containerPortal = F0DFEFDC2BC74DE6003EAD3D /* Project object */;
			proxyType = 1;
			remoteGlobalIDString = F0DFEFE32BC74DE6003EAD3D;
			remoteInfo = EmployeeDirectory;
		};
/* End PBXContainerItemProxy section */

/* Begin PBXFileReference section */
		F0DFEFE42BC74DE6003EAD3D /* EmployeeDirectory.app */ = {isa = PBXFileReference; explicitFileType = wrapper.application; includeInIndex = 0; path = EmployeeDirectory.app; sourceTree = BUILT_PRODUCTS_DIR; };
		F0DFEFE72BC74DE6003EAD3D /* EmployeeDirectoryApp.swift */ = {isa = PBXFileReference; lastKnownFileType = sourcecode.swift; path = EmployeeDirectoryApp.swift; sourceTree = "<group>"; };
		F0DFEFEB2BC74DE6003EAD3D /* Assets.xcassets */ = {isa = PBXFileReference; lastKnownFileType = folder.assetcatalog; path = Assets.xcassets; sourceTree = "<group>"; };
		F0DFEFEF2BC74DE6003EAD3D /* Preview Assets.xcassets */ = {isa = PBXFileReference; lastKnownFileType = folder.assetcatalog; path = "Preview Assets.xcassets"; sourceTree = "<group>"; };
		F0DFEFF52BC74DE6003EAD3D /* EmployeeDirectoryTests.xctest */ = {isa = PBXFileReference; explicitFileType = wrapper.cfbundle; includeInIndex = 0; path = EmployeeDirectoryTests.xctest; sourceTree = BUILT_PRODUCTS_DIR; };
		F0DFEFF92BC74DE6003EAD3D /* EmployeeDirectoryTests.swift */ = {isa = PBXFileReference; lastKnownFileType = sourcecode.swift; path = EmployeeDirectoryTests.swift; sourceTree = "<group>"; };
		F0DFEFFF2BC74DE6003EAD3D /* EmployeeDirectoryUITests.xctest */ = {isa = PBXFileReference; explicitFileType = wrapper.cfbundle; includeInIndex = 0; path = EmployeeDirectoryUITests.xctest; sourceTree = BUILT_PRODUCTS_DIR; };
		F0DFF0032BC74DE6003EAD3D /* EmployeeDirectoryUITests.swift */ = {isa = PBXFileReference; lastKnownFileType = sourcecode.swift; path = EmployeeDirectoryUITests.swift; sourceTree = "<group>"; };
		F0DFF0052BC74DE6003EAD3D /* EmployeeDirectoryUITestsLaunchTests.swift */ = {isa = PBXFileReference; lastKnownFileType = sourcecode.swift; path = EmployeeDirectoryUITestsLaunchTests.swift; sourceTree = "<group>"; };
		F0DFF0122BC74E32003EAD3D /* EmployeeListView.swift */ = {isa = PBXFileReference; lastKnownFileType = sourcecode.swift; path = EmployeeListView.swift; sourceTree = "<group>"; };
		F0DFF0152BC74E72003EAD3D /* EmployeeListViewModel.swift */ = {isa = PBXFileReference; lastKnownFileType = sourcecode.swift; path = EmployeeListViewModel.swift; sourceTree = "<group>"; };
		F0DFF0172BC74E7E003EAD3D /* EmployeeRow.swift */ = {isa = PBXFileReference; lastKnownFileType = sourcecode.swift; path = EmployeeRow.swift; sourceTree = "<group>"; };
		F0DFF0192BC74E8A003EAD3D /* EmployeeDetailView.swift */ = {isa = PBXFileReference; lastKnownFileType = sourcecode.swift; path = EmployeeDetailView.swift; sourceTree = "<group>"; };
		F0DFF01B2BC74E97003EAD3D /* Employee.swift */ = {isa = PBXFileReference; lastKnownFileType = sourcecode.swift; path = Employee.swift; sourceTree = "<group>"; };
		F0DFF01E2BC74ECE003EAD3D /* EmployeeStore.swift */ = {isa = PBXFileReference; lastKnownFileType = sourcecode.swift; path = EmployeeStore.swift; sourceTree = "<group>"; };
		F0DFF0202BC7563A003EAD3D /* SettingsView.swift */ = {isa = PBXFileReference; lastKnownFileType = sourcecode.swift; path = SettingsView.swift; sourceTree = "<group>"; };
		F0DFF0222BC75C65003EAD3D /* OnboardingView.swift */ = {isa = PBXFileReference; lastKnownFileType = sourcecode.swift; path = OnboardingView.swift; sourceTree = "<group>"; };
/* End PBXFileReference section */

/* Begin PBXFrameworksBuildPhase section */
		F0DFEFE12BC74DE6003EAD3D /* Frameworks */ = {
			isa = PBXFrameworksBuildPhase;
			buildActionMask = 2147483647;
			files = (
			);
			runOnlyForDeploymentPostprocessing = 0;
		};
		F0DFEFF22BC74DE6003EAD3D /* Frameworks */ = {
			isa = PBXFrameworksBuildPhase;
			buildActionMask = 2147483647;
			files = (
			);
			runOnlyForDeploymentPostprocessing = 0;
		};
		F0DFEFFC2BC74DE6003EAD3D /* Frameworks */ = {
			isa = PBXFrameworksBuildPhase;
			buildActionMask = 2147483647;
			files = (
			);
			runOnlyForDeploymentPostprocessing = 0;
		};
/* End PBXFrameworksBuildPhase section */

/* Begin PBXGroup section */
		F0DFEFDB2BC74DE6003EAD3D = {
			isa = PBXGroup;
			children = (
				F0DFEFE62BC74DE6003EAD3D /* EmployeeDirectory */,
				F0DFEFF82BC74DE6003EAD3D /* EmployeeDirectoryTests */,
				F0DFF0022BC74DE6003EAD3D /* EmployeeDirectoryUITests */,
				F0DFEFE52BC74DE6003EAD3D /* Products */,
			);
			sourceTree = "<group>";
		};
		F0DFEFE52BC74DE6003EAD3D /* Products */ = {
			isa = PBXGroup;
			children = (
				F0DFEFE42BC74DE6003EAD3D /* EmployeeDirectory.app */,
				F0DFEFF52BC74DE6003EAD3D /* EmployeeDirectoryTests.xctest */,
				F0DFEFFF2BC74DE6003EAD3D /* EmployeeDirectoryUITests.xctest */,
			);
			name = Products;
			sourceTree = "<group>";
		};
		F0DFEFE62BC74DE6003EAD3D /* EmployeeDirectory */ = {
			isa = PBXGroup;
			children = (
				F0DFF01D2BC74EB5003EAD3D /* Model */,
				F0DFF0142BC74E5E003EAD3D /* Views */,
				F0DFEFE72BC74DE6003EAD3D /* EmployeeDirectoryApp.swift */,
				F0DFEFEB2BC74DE6003EAD3D /* Assets.xcassets */,
				F0DFEFEE2BC74DE6003EAD3D /* Preview Content */,
			);
			path = EmployeeDirectory;
			sourceTree = "<group>";
		};
		F0DFEFEE2BC74DE6003EAD3D /* Preview Content */ = {
			isa = PBXGroup;
			children = (
				F0DFEFEF2BC74DE6003EAD3D /* Preview Assets.xcassets */,
			);
			path = "Preview Content";
			sourceTree = "<group>";
		};
		F0DFEFF82BC74DE6003EAD3D /* EmployeeDirectoryTests */ = {
			isa = PBXGroup;
			children = (
				F0DFEFF92BC74DE6003EAD3D /* EmployeeDirectoryTests.swift */,
			);
			path = EmployeeDirectoryTests;
			sourceTree = "<group>";
		};
		F0DFF0022BC74DE6003EAD3D /* EmployeeDirectoryUITests */ = {
			isa = PBXGroup;
			children = (
				F0DFF0032BC74DE6003EAD3D /* EmployeeDirectoryUITests.swift */,
				F0DFF0052BC74DE6003EAD3D /* EmployeeDirectoryUITestsLaunchTests.swift */,
			);
			path = EmployeeDirectoryUITests;
			sourceTree = "<group>";
		};
		F0DFF0142BC74E5E003EAD3D /* Views */ = {
			isa = PBXGroup;
			children = (
				F0DFF0202BC7563A003EAD3D /* SettingsView.swift */,
				F0DFF0122BC74E32003EAD3D /* EmployeeListView.swift */,
				F0DFF0152BC74E72003EAD3D /* EmployeeListViewModel.swift */,
				F0DFF0172BC74E7E003EAD3D /* EmployeeRow.swift */,
				F0DFF0192BC74E8A003EAD3D /* EmployeeDetailView.swift */,
				F0DFF0222BC75C65003EAD3D /* OnboardingView.swift */,
			);
			path = Views;
			sourceTree = "<group>";
		};
		F0DFF01D2BC74EB5003EAD3D /* Model */ = {
			isa = PBXGroup;
			children = (
				F0DFF01B2BC74E97003EAD3D /* Employee.swift */,
				F0DFF01E2BC74ECE003EAD3D /* EmployeeStore.swift */,
			);
			path = Model;
			sourceTree = "<group>";
		};
/* End PBXGroup section */

/* Begin PBXNativeTarget section */
		F0DFEFE32BC74DE6003EAD3D /* EmployeeDirectory */ = {
			isa = PBXNativeTarget;
			buildConfigurationList = F0DFF0092BC74DE6003EAD3D /* Build configuration list for PBXNativeTarget "EmployeeDirectory" */;
			buildPhases = (
				F0DFEFE02BC74DE6003EAD3D /* Sources */,
				F0DFEFE12BC74DE6003EAD3D /* Frameworks */,
				F0DFEFE22BC74DE6003EAD3D /* Resources */,
			);
			buildRules = (
			);
			dependencies = (
			);
			name = EmployeeDirectory;
			productName = EmployeeDirectory;
			productReference = F0DFEFE42BC74DE6003EAD3D /* EmployeeDirectory.app */;
			productType = "com.apple.product-type.application";
		};
		F0DFEFF42BC74DE6003EAD3D /* EmployeeDirectoryTests */ = {
			isa = PBXNativeTarget;
			buildConfigurationList = F0DFF00C2BC74DE6003EAD3D /* Build configuration list for PBXNativeTarget "EmployeeDirectoryTests" */;
			buildPhases = (
				F0DFEFF12BC74DE6003EAD3D /* Sources */,
				F0DFEFF22BC74DE6003EAD3D /* Frameworks */,
				F0DFEFF32BC74DE6003EAD3D /* Resources */,
			);
			buildRules = (
			);
			dependencies = (
				F0DFEFF72BC74DE6003EAD3D /* PBXTargetDependency */,
			);
			name = EmployeeDirectoryTests;
			productName = EmployeeDirectoryTests;
			productReference = F0DFEFF52BC74DE6003EAD3D /* EmployeeDirectoryTests.xctest */;
			productType = "com.apple.product-type.bundle.unit-test";
		};
		F0DFEFFE2BC74DE6003EAD3D /* EmployeeDirectoryUITests */ = {
			isa = PBXNativeTarget;
			buildConfigurationList = F0DFF00F2BC74DE6003EAD3D /* Build configuration list for PBXNativeTarget "EmployeeDirectoryUITests" */;
			buildPhases = (
				F0DFEFFB2BC74DE6003EAD3D /* Sources */,
				F0DFEFFC2BC74DE6003EAD3D /* Frameworks */,
				F0DFEFFD2BC74DE6003EAD3D /* Resources */,
			);
			buildRules = (
			);
			dependencies = (
				F0DFF0012BC74DE6003EAD3D /* PBXTargetDependency */,
			);
			name = EmployeeDirectoryUITests;
			productName = EmployeeDirectoryUITests;
			productReference = F0DFEFFF2BC74DE6003EAD3D /* EmployeeDirectoryUITests.xctest */;
			productType = "com.apple.product-type.bundle.ui-testing";
		};
/* End PBXNativeTarget section */

/* Begin PBXProject section */
		F0DFEFDC2BC74DE6003EAD3D /* Project object */ = {
			isa = PBXProject;
			attributes = {
				BuildIndependentTargetsInParallel = 1;
				LastSwiftUpdateCheck = 1530;
				LastUpgradeCheck = 1530;
				TargetAttributes = {
					F0DFEFE32BC74DE6003EAD3D = {
						CreatedOnToolsVersion = 15.3;
					};
					F0DFEFF42BC74DE6003EAD3D = {
						CreatedOnToolsVersion = 15.3;
						TestTargetID = F0DFEFE32BC74DE6003EAD3D;
					};
					F0DFEFFE2BC74DE6003EAD3D = {
						CreatedOnToolsVersion = 15.3;
						TestTargetID = F0DFEFE32BC74DE6003EAD3D;
					};
				};
			};
			buildConfigurationList = F0DFEFDF2BC74DE6003EAD3D /* Build configuration list for PBXProject "EmployeeDirectory" */;
			compatibilityVersion = "Xcode 14.0";
			developmentRegion = en;
			hasScannedForEncodings = 0;
			knownRegions = (
				en,
				Base,
			);
			mainGroup = F0DFEFDB2BC74DE6003EAD3D;
			productRefGroup = F0DFEFE52BC74DE6003EAD3D /* Products */;
			projectDirPath = "";
			projectRoot = "";
			targets = (
				F0DFEFE32BC74DE6003EAD3D /* EmployeeDirectory */,
				F0DFEFF42BC74DE6003EAD3D /* EmployeeDirectoryTests */,
				F0DFEFFE2BC74DE6003EAD3D /* EmployeeDirectoryUITests */,
			);
		};
/* End PBXProject section */

/* Begin PBXResourcesBuildPhase section */
		F0DFEFE22BC74DE6003EAD3D /* Resources */ = {
			isa = PBXResourcesBuildPhase;
			buildActionMask = 2147483647;
			files = (
				F0DFEFF02BC74DE6003EAD3D /* Preview Assets.xcassets in Resources */,
				F0DFEFEC2BC74DE6003EAD3D /* Assets.xcassets in Resources */,
			);
			runOnlyForDeploymentPostprocessing = 0;
		};
		F0DFEFF32BC74DE6003EAD3D /* Resources */ = {
			isa = PBXResourcesBuildPhase;
			buildActionMask = 2147483647;
			files = (
			);
			runOnlyForDeploymentPostprocessing = 0;
		};
		F0DFEFFD2BC74DE6003EAD3D /* Resources */ = {
			isa = PBXResourcesBuildPhase;
			buildActionMask = 2147483647;
			files = (
			);
			runOnlyForDeploymentPostprocessing = 0;
		};
/* End PBXResourcesBuildPhase section */

/* Begin PBXSourcesBuildPhase section */
		F0DFEFE02BC74DE6003EAD3D /* Sources */ = {
			isa = PBXSourcesBuildPhase;
			buildActionMask = 2147483647;
			files = (
				F0DFF0182BC74E7E003EAD3D /* EmployeeRow.swift in Sources */,
				F0DFF0212BC7563A003EAD3D /* SettingsView.swift in Sources */,
				F0DFF01C2BC74E97003EAD3D /* Employee.swift in Sources */,
				F0DFF0232BC75C65003EAD3D /* OnboardingView.swift in Sources */,
				F0DFF0132BC74E32003EAD3D /* EmployeeListView.swift in Sources */,
				F0DFF01A2BC74E8A003EAD3D /* EmployeeDetailView.swift in Sources */,
				F0DFF0162BC74E72003EAD3D /* EmployeeListViewModel.swift in Sources */,
				F0DFF01F2BC74ECE003EAD3D /* EmployeeStore.swift in Sources */,
				F0DFEFE82BC74DE6003EAD3D /* EmployeeDirectoryApp.swift in Sources */,
			);
			runOnlyForDeploymentPostprocessing = 0;
		};
		F0DFEFF12BC74DE6003EAD3D /* Sources */ = {
			isa = PBXSourcesBuildPhase;
			buildActionMask = 2147483647;
			files = (
				F0DFEFFA2BC74DE6003EAD3D /* EmployeeDirectoryTests.swift in Sources */,
			);
			runOnlyForDeploymentPostprocessing = 0;
		};
		F0DFEFFB2BC74DE6003EAD3D /* Sources */ = {
			isa = PBXSourcesBuildPhase;
			buildActionMask = 2147483647;
			files = (
				F0DFF0062BC74DE6003EAD3D /* EmployeeDirectoryUITestsLaunchTests.swift in Sources */,
				F0DFF0042BC74DE6003EAD3D /* EmployeeDirectoryUITests.swift in Sources */,
			);
			runOnlyForDeploymentPostprocessing = 0;
		};
/* End PBXSourcesBuildPhase section */

/* Begin PBXTargetDependency section */
		F0DFEFF72BC74DE6003EAD3D /* PBXTargetDependency */ = {
			isa = PBXTargetDependency;
			target = F0DFEFE32BC74DE6003EAD3D /* EmployeeDirectory */;
			targetProxy = F0DFEFF62BC74DE6003EAD3D /* PBXContainerItemProxy */;
		};
		F0DFF0012BC74DE6003EAD3D /* PBXTargetDependency */ = {
			isa = PBXTargetDependency;
			target = F0DFEFE32BC74DE6003EAD3D /* EmployeeDirectory */;
			targetProxy = F0DFF0002BC74DE6003EAD3D /* PBXContainerItemProxy */;
		};
/* End PBXTargetDependency section */

/* Begin XCBuildConfiguration section */
		F0DFF0072BC74DE6003EAD3D /* Debug */ = {
			isa = XCBuildConfiguration;
			buildSettings = {
				ALWAYS_SEARCH_USER_PATHS = NO;
				ASSETCATALOG_COMPILER_GENERATE_SWIFT_ASSET_SYMBOL_EXTENSIONS = YES;
				CLANG_ANALYZER_NONNULL = YES;
				CLANG_ANALYZER_NUMBER_OBJECT_CONVERSION = YES_AGGRESSIVE;
				CLANG_CXX_LANGUAGE_STANDARD = "gnu++20";
				CLANG_ENABLE_MODULES = YES;
				CLANG_ENABLE_OBJC_ARC = YES;
				CLANG_ENABLE_OBJC_WEAK = YES;
				CLANG_WARN_BLOCK_CAPTURE_AUTORELEASING = YES;
				CLANG_WARN_BOOL_CONVERSION = YES;
				CLANG_WARN_COMMA = YES;
				CLANG_WARN_CONSTANT_CONVERSION = YES;
				CLANG_WARN_DEPRECATED_OBJC_IMPLEMENTATIONS = YES;
				CLANG_WARN_DIRECT_OBJC_ISA_USAGE = YES_ERROR;
				CLANG_WARN_DOCUMENTATION_COMMENTS = YES;
				CLANG_WARN_EMPTY_BODY = YES;
				CLANG_WARN_ENUM_CONVERSION = YES;
				CLANG_WARN_INFINITE_RECURSION = YES;
				CLANG_WARN_INT_CONVERSION = YES;
				CLANG_WARN_NON_LITERAL_NULL_CONVERSION = YES;
				CLANG_WARN_OBJC_IMPLICIT_RETAIN_SELF = YES;
				CLANG_WARN_OBJC_LITERAL_CONVERSION = YES;
				CLANG_WARN_OBJC_ROOT_CLASS = YES_ERROR;
				CLANG_WARN_QUOTED_INCLUDE_IN_FRAMEWORK_HEADER = YES;
				CLANG_WARN_RANGE_LOOP_ANALYSIS = YES;
				CLANG_WARN_STRICT_PROTOTYPES = YES;
				CLANG_WARN_SUSPICIOUS_MOVE = YES;
				CLANG_WARN_UNGUARDED_AVAILABILITY = YES_AGGRESSIVE;
				CLANG_WARN_UNREACHABLE_CODE = YES;
				CLANG_WARN__DUPLICATE_METHOD_MATCH = YES;
				COPY_PHASE_STRIP = NO;
				DEBUG_INFORMATION_FORMAT = dwarf;
				ENABLE_STRICT_OBJC_MSGSEND = YES;
				ENABLE_TESTABILITY = YES;
				ENABLE_USER_SCRIPT_SANDBOXING = YES;
				GCC_C_LANGUAGE_STANDARD = gnu17;
				GCC_DYNAMIC_NO_PIC = NO;
				GCC_NO_COMMON_BLOCKS = YES;
				GCC_OPTIMIZATION_LEVEL = 0;
				GCC_PREPROCESSOR_DEFINITIONS = (
					"DEBUG=1",
					"$(inherited)",
				);
				GCC_WARN_64_TO_32_BIT_CONVERSION = YES;
				GCC_WARN_ABOUT_RETURN_TYPE = YES_ERROR;
				GCC_WARN_UNDECLARED_SELECTOR = YES;
				GCC_WARN_UNINITIALIZED_AUTOS = YES_AGGRESSIVE;
				GCC_WARN_UNUSED_FUNCTION = YES;
				GCC_WARN_UNUSED_VARIABLE = YES;
				LOCALIZATION_PREFERS_STRING_CATALOGS = YES;
				MTL_ENABLE_DEBUG_INFO = INCLUDE_SOURCE;
				MTL_FAST_MATH = YES;
				ONLY_ACTIVE_ARCH = YES;
				SWIFT_ACTIVE_COMPILATION_CONDITIONS = "DEBUG $(inherited)";
				SWIFT_OPTIMIZATION_LEVEL = "-Onone";
			};
			name = Debug;
		};
		F0DFF0082BC74DE6003EAD3D /* Release */ = {
			isa = XCBuildConfiguration;
			buildSettings = {
				ALWAYS_SEARCH_USER_PATHS = NO;
				ASSETCATALOG_COMPILER_GENERATE_SWIFT_ASSET_SYMBOL_EXTENSIONS = YES;
				CLANG_ANALYZER_NONNULL = YES;
				CLANG_ANALYZER_NUMBER_OBJECT_CONVERSION = YES_AGGRESSIVE;
				CLANG_CXX_LANGUAGE_STANDARD = "gnu++20";
				CLANG_ENABLE_MODULES = YES;
				CLANG_ENABLE_OBJC_ARC = YES;
				CLANG_ENABLE_OBJC_WEAK = YES;
				CLANG_WARN_BLOCK_CAPTURE_AUTORELEASING = YES;
				CLANG_WARN_BOOL_CONVERSION = YES;
				CLANG_WARN_COMMA = YES;
				CLANG_WARN_CONSTANT_CONVERSION = YES;
				CLANG_WARN_DEPRECATED_OBJC_IMPLEMENTATIONS = YES;
				CLANG_WARN_DIRECT_OBJC_ISA_USAGE = YES_ERROR;
				CLANG_WARN_DOCUMENTATION_COMMENTS = YES;
				CLANG_WARN_EMPTY_BODY = YES;
				CLANG_WARN_ENUM_CONVERSION = YES;
				CLANG_WARN_INFINITE_RECURSION = YES;
				CLANG_WARN_INT_CONVERSION = YES;
				CLANG_WARN_NON_LITERAL_NULL_CONVERSION = YES;
				CLANG_WARN_OBJC_IMPLICIT_RETAIN_SELF = YES;
				CLANG_WARN_OBJC_LITERAL_CONVERSION = YES;
				CLANG_WARN_OBJC_ROOT_CLASS = YES_ERROR;
				CLANG_WARN_QUOTED_INCLUDE_IN_FRAMEWORK_HEADER = YES;
				CLANG_WARN_RANGE_LOOP_ANALYSIS = YES;
				CLANG_WARN_STRICT_PROTOTYPES = YES;
				CLANG_WARN_SUSPICIOUS_MOVE = YES;
				CLANG_WARN_UNGUARDED_AVAILABILITY = YES_AGGRESSIVE;
				CLANG_WARN_UNREACHABLE_CODE = YES;
				CLANG_WARN__DUPLICATE_METHOD_MATCH = YES;
				COPY_PHASE_STRIP = NO;
				DEBUG_INFORMATION_FORMAT = "dwarf-with-dsym";
				ENABLE_NS_ASSERTIONS = NO;
				ENABLE_STRICT_OBJC_MSGSEND = YES;
				ENABLE_USER_SCRIPT_SANDBOXING = YES;
				GCC_C_LANGUAGE_STANDARD = gnu17;
				GCC_NO_COMMON_BLOCKS = YES;
				GCC_WARN_64_TO_32_BIT_CONVERSION = YES;
				GCC_WARN_ABOUT_RETURN_TYPE = YES_ERROR;
				GCC_WARN_UNDECLARED_SELECTOR = YES;
				GCC_WARN_UNINITIALIZED_AUTOS = YES_AGGRESSIVE;
				GCC_WARN_UNUSED_FUNCTION = YES;
				GCC_WARN_UNUSED_VARIABLE = YES;
				LOCALIZATION_PREFERS_STRING_CATALOGS = YES;
				MTL_ENABLE_DEBUG_INFO = NO;
				MTL_FAST_MATH = YES;
				SWIFT_COMPILATION_MODE = wholemodule;
			};
			name = Release;
		};
		F0DFF00A2BC74DE6003EAD3D /* Debug */ = {
			isa = XCBuildConfiguration;
			buildSettings = {
				ASSETCATALOG_COMPILER_APPICON_NAME = AppIcon;
				ASSETCATALOG_COMPILER_GLOBAL_ACCENT_COLOR_NAME = AccentColor;
				CODE_SIGN_ENTITLEMENTS = EmployeeDirectory/EmployeeDirectory.entitlements;
				CODE_SIGN_STYLE = Automatic;
				CURRENT_PROJECT_VERSION = 1;
				DEVELOPMENT_ASSET_PATHS = "\"EmployeeDirectory/Preview Content\"";
				DEVELOPMENT_TEAM = U6SJ2XG3V2;
				ENABLE_HARDENED_RUNTIME = YES;
				ENABLE_PREVIEWS = YES;
				GENERATE_INFOPLIST_FILE = YES;
				"INFOPLIST_KEY_UIApplicationSceneManifest_Generation[sdk=iphoneos*]" = YES;
				"INFOPLIST_KEY_UIApplicationSceneManifest_Generation[sdk=iphonesimulator*]" = YES;
				"INFOPLIST_KEY_UIApplicationSupportsIndirectInputEvents[sdk=iphoneos*]" = YES;
				"INFOPLIST_KEY_UIApplicationSupportsIndirectInputEvents[sdk=iphonesimulator*]" = YES;
				"INFOPLIST_KEY_UILaunchScreen_Generation[sdk=iphoneos*]" = YES;
				"INFOPLIST_KEY_UILaunchScreen_Generation[sdk=iphonesimulator*]" = YES;
				"INFOPLIST_KEY_UIStatusBarStyle[sdk=iphoneos*]" = UIStatusBarStyleDefault;
				"INFOPLIST_KEY_UIStatusBarStyle[sdk=iphonesimulator*]" = UIStatusBarStyleDefault;
				INFOPLIST_KEY_UISupportedInterfaceOrientations_iPad = "UIInterfaceOrientationPortrait UIInterfaceOrientationPortraitUpsideDown UIInterfaceOrientationLandscapeLeft UIInterfaceOrientationLandscapeRight";
				INFOPLIST_KEY_UISupportedInterfaceOrientations_iPhone = "UIInterfaceOrientationPortrait UIInterfaceOrientationLandscapeLeft UIInterfaceOrientationLandscapeRight";
				IPHONEOS_DEPLOYMENT_TARGET = 17.4;
				LD_RUNPATH_SEARCH_PATHS = "@executable_path/Frameworks";
				"LD_RUNPATH_SEARCH_PATHS[sdk=macosx*]" = "@executable_path/../Frameworks";
				MACOSX_DEPLOYMENT_TARGET = 14.3;
				MARKETING_VERSION = 1.0;
				PRODUCT_BUNDLE_IDENTIFIER = com.shaelynstrong.EmployeeDirectory;
				PRODUCT_NAME = "$(TARGET_NAME)";
				SDKROOT = auto;
				SUPPORTED_PLATFORMS = "iphoneos iphonesimulator macosx";
				SWIFT_EMIT_LOC_STRINGS = YES;
				SWIFT_VERSION = 5.0;
				TARGETED_DEVICE_FAMILY = "1,2";
			};
			name = Debug;
		};
		F0DFF00B2BC74DE6003EAD3D /* Release */ = {
			isa = XCBuildConfiguration;
			buildSettings = {
				ASSETCATALOG_COMPILER_APPICON_NAME = AppIcon;
				ASSETCATALOG_COMPILER_GLOBAL_ACCENT_COLOR_NAME = AccentColor;
				CODE_SIGN_ENTITLEMENTS = EmployeeDirectory/EmployeeDirectory.entitlements;
				CODE_SIGN_STYLE = Automatic;
				CURRENT_PROJECT_VERSION = 1;
				DEVELOPMENT_ASSET_PATHS = "\"EmployeeDirectory/Preview Content\"";
				DEVELOPMENT_TEAM = U6SJ2XG3V2;
				ENABLE_HARDENED_RUNTIME = YES;
				ENABLE_PREVIEWS = YES;
				GENERATE_INFOPLIST_FILE = YES;
				"INFOPLIST_KEY_UIApplicationSceneManifest_Generation[sdk=iphoneos*]" = YES;
				"INFOPLIST_KEY_UIApplicationSceneManifest_Generation[sdk=iphonesimulator*]" = YES;
				"INFOPLIST_KEY_UIApplicationSupportsIndirectInputEvents[sdk=iphoneos*]" = YES;
				"INFOPLIST_KEY_UIApplicationSupportsIndirectInputEvents[sdk=iphonesimulator*]" = YES;
				"INFOPLIST_KEY_UILaunchScreen_Generation[sdk=iphoneos*]" = YES;
				"INFOPLIST_KEY_UILaunchScreen_Generation[sdk=iphonesimulator*]" = YES;
				"INFOPLIST_KEY_UIStatusBarStyle[sdk=iphoneos*]" = UIStatusBarStyleDefault;
				"INFOPLIST_KEY_UIStatusBarStyle[sdk=iphonesimulator*]" = UIStatusBarStyleDefault;
				INFOPLIST_KEY_UISupportedInterfaceOrientations_iPad = "UIInterfaceOrientationPortrait UIInterfaceOrientationPortraitUpsideDown UIInterfaceOrientationLandscapeLeft UIInterfaceOrientationLandscapeRight";
				INFOPLIST_KEY_UISupportedInterfaceOrientations_iPhone = "UIInterfaceOrientationPortrait UIInterfaceOrientationLandscapeLeft UIInterfaceOrientationLandscapeRight";
				IPHONEOS_DEPLOYMENT_TARGET = 17.4;
				LD_RUNPATH_SEARCH_PATHS = "@executable_path/Frameworks";
				"LD_RUNPATH_SEARCH_PATHS[sdk=macosx*]" = "@executable_path/../Frameworks";
				MACOSX_DEPLOYMENT_TARGET = 14.3;
				MARKETING_VERSION = 1.0;
				PRODUCT_BUNDLE_IDENTIFIER = com.shaelynstrong.EmployeeDirectory;
				PRODUCT_NAME = "$(TARGET_NAME)";
				SDKROOT = auto;
				SUPPORTED_PLATFORMS = "iphoneos iphonesimulator macosx";
				SWIFT_EMIT_LOC_STRINGS = YES;
				SWIFT_VERSION = 5.0;
				TARGETED_DEVICE_FAMILY = "1,2";
			};
			name = Release;
		};
		F0DFF00D2BC74DE6003EAD3D /* Debug */ = {
			isa = XCBuildConfiguration;
			buildSettings = {
				ALWAYS_EMBED_SWIFT_STANDARD_LIBRARIES = YES;
				BUNDLE_LOADER = "$(TEST_HOST)";
				CODE_SIGN_STYLE = Automatic;
				CURRENT_PROJECT_VERSION = 1;
				DEVELOPMENT_TEAM = U6SJ2XG3V2;
				GENERATE_INFOPLIST_FILE = YES;
				IPHONEOS_DEPLOYMENT_TARGET = 17.4;
				MACOSX_DEPLOYMENT_TARGET = 14.3;
				MARKETING_VERSION = 1.0;
				PRODUCT_BUNDLE_IDENTIFIER = com.shaelynstrong.EmployeeDirectoryTests;
				PRODUCT_NAME = "$(TARGET_NAME)";
				SDKROOT = auto;
				SUPPORTED_PLATFORMS = "iphoneos iphonesimulator macosx";
				SWIFT_EMIT_LOC_STRINGS = NO;
				SWIFT_VERSION = 5.0;
				TARGETED_DEVICE_FAMILY = "1,2";
				TEST_HOST = "$(BUILT_PRODUCTS_DIR)/EmployeeDirectory.app/$(BUNDLE_EXECUTABLE_FOLDER_PATH)/EmployeeDirectory";
			};
			name = Debug;
		};
		F0DFF00E2BC74DE6003EAD3D /* Release */ = {
			isa = XCBuildConfiguration;
			buildSettings = {
				ALWAYS_EMBED_SWIFT_STANDARD_LIBRARIES = YES;
				BUNDLE_LOADER = "$(TEST_HOST)";
				CODE_SIGN_STYLE = Automatic;
				CURRENT_PROJECT_VERSION = 1;
				DEVELOPMENT_TEAM = U6SJ2XG3V2;
				GENERATE_INFOPLIST_FILE = YES;
				IPHONEOS_DEPLOYMENT_TARGET = 17.4;
				MACOSX_DEPLOYMENT_TARGET = 14.3;
				MARKETING_VERSION = 1.0;
				PRODUCT_BUNDLE_IDENTIFIER = com.shaelynstrong.EmployeeDirectoryTests;
				PRODUCT_NAME = "$(TARGET_NAME)";
				SDKROOT = auto;
				SUPPORTED_PLATFORMS = "iphoneos iphonesimulator macosx";
				SWIFT_EMIT_LOC_STRINGS = NO;
				SWIFT_VERSION = 5.0;
				TARGETED_DEVICE_FAMILY = "1,2";
				TEST_HOST = "$(BUILT_PRODUCTS_DIR)/EmployeeDirectory.app/$(BUNDLE_EXECUTABLE_FOLDER_PATH)/EmployeeDirectory";
			};
			name = Release;
		};
		F0DFF0102BC74DE6003EAD3D /* Debug */ = {
			isa = XCBuildConfiguration;
			buildSettings = {
				ALWAYS_EMBED_SWIFT_STANDARD_LIBRARIES = YES;
				CODE_SIGN_STYLE = Automatic;
				CURRENT_PROJECT_VERSION = 1;
				DEVELOPMENT_TEAM = U6SJ2XG3V2;
				GENERATE_INFOPLIST_FILE = YES;
				IPHONEOS_DEPLOYMENT_TARGET = 17.4;
				MACOSX_DEPLOYMENT_TARGET = 14.3;
				MARKETING_VERSION = 1.0;
				PRODUCT_BUNDLE_IDENTIFIER = com.shaelynstrong.EmployeeDirectoryUITests;
				PRODUCT_NAME = "$(TARGET_NAME)";
				SDKROOT = auto;
				SUPPORTED_PLATFORMS = "iphoneos iphonesimulator macosx";
				SWIFT_EMIT_LOC_STRINGS = NO;
				SWIFT_VERSION = 5.0;
				TARGETED_DEVICE_FAMILY = "1,2";
				TEST_TARGET_NAME = EmployeeDirectory;
			};
			name = Debug;
		};
		F0DFF0112BC74DE6003EAD3D /* Release */ = {
			isa = XCBuildConfiguration;
			buildSettings = {
				ALWAYS_EMBED_SWIFT_STANDARD_LIBRARIES = YES;
				CODE_SIGN_STYLE = Automatic;
				CURRENT_PROJECT_VERSION = 1;
				DEVELOPMENT_TEAM = U6SJ2XG3V2;
				GENERATE_INFOPLIST_FILE = YES;
				IPHONEOS_DEPLOYMENT_TARGET = 17.4;
				MACOSX_DEPLOYMENT_TARGET = 14.3;
				MARKETING_VERSION = 1.0;
				PRODUCT_BUNDLE_IDENTIFIER = com.shaelynstrong.EmployeeDirectoryUITests;
				PRODUCT_NAME = "$(TARGET_NAME)";
				SDKROOT = auto;
				SUPPORTED_PLATFORMS = "iphoneos iphonesimulator macosx";
				SWIFT_EMIT_LOC_STRINGS = NO;
				SWIFT_VERSION = 5.0;
				TARGETED_DEVICE_FAMILY = "1,2";
				TEST_TARGET_NAME = EmployeeDirectory;
			};
			name = Release;
		};
/* End XCBuildConfiguration section */

/* Begin XCConfigurationList section */
		F0DFEFDF2BC74DE6003EAD3D /* Build configuration list for PBXProject "EmployeeDirectory" */ = {
			isa = XCConfigurationList;
			buildConfigurations = (
				F0DFF0072BC74DE6003EAD3D /* Debug */,
				F0DFF0082BC74DE6003EAD3D /* Release */,
			);
			defaultConfigurationIsVisible = 0;
			defaultConfigurationName = Release;
		};
		F0DFF0092BC74DE6003EAD3D /* Build configuration list for PBXNativeTarget "EmployeeDirectory" */ = {
			isa = XCConfigurationList;
			buildConfigurations = (
				F0DFF00A2BC74DE6003EAD3D /* Debug */,
				F0DFF00B2BC74DE6003EAD3D /* Release */,
			);
			defaultConfigurationIsVisible = 0;
			defaultConfigurationName = Release;
		};
		F0DFF00C2BC74DE6003EAD3D /* Build configuration list for PBXNativeTarget "EmployeeDirectoryTests" */ = {
			isa = XCConfigurationList;
			buildConfigurations = (
				F0DFF00D2BC74DE6003EAD3D /* Debug */,
				F0DFF00E2BC74DE6003EAD3D /* Release */,
			);
			defaultConfigurationIsVisible = 0;
			defaultConfigurationName = Release;
		};
		F0DFF00F2BC74DE6003EAD3D /* Build configuration list for PBXNativeTarget "EmployeeDirectoryUITests" */ = {
			isa = XCConfigurationList;
			buildConfigurations = (
				F0DFF0102BC74DE6003EAD3D /* Debug */,
				F0DFF0112BC74DE6003EAD3D /* Release */,
			);
			defaultConfigurationIsVisible = 0;
			defaultConfigurationName = Release;
		};
/* End XCConfigurationList section */
	};
	rootObject = F0DFEFDC2BC74DE6003EAD3D /* Project object */;
}
